// !$*UTF8*$!
{
	archiveVersion = 1;
	classes = {
	};
	objectVersion = 46;
	objects = {

/* Begin PBXBuildFile section */
		4DA58E7E1DC40B1E0073058D /* AppDelegate.swift in Sources */ = {isa = PBXBuildFile; fileRef = 4DA58E7D1DC40B1E0073058D /* AppDelegate.swift */; };
		4DA58E801DC40B1E0073058D /* MetronomeViewController.swift in Sources */ = {isa = PBXBuildFile; fileRef = 4DA58E7F1DC40B1E0073058D /* MetronomeViewController.swift */; };
		4DA58E831DC40B1E0073058D /* Main.storyboard in Resources */ = {isa = PBXBuildFile; fileRef = 4DA58E811DC40B1E0073058D /* Main.storyboard */; };
		4DA58E851DC40B1E0073058D /* Assets.xcassets in Resources */ = {isa = PBXBuildFile; fileRef = 4DA58E841DC40B1E0073058D /* Assets.xcassets */; };
		4DA58E881DC40B1E0073058D /* LaunchScreen.storyboard in Resources */ = {isa = PBXBuildFile; fileRef = 4DA58E861DC40B1E0073058D /* LaunchScreen.storyboard */; };
		4DA58E931DC40B1E0073058D /* metronomeTests.swift in Sources */ = {isa = PBXBuildFile; fileRef = 4DA58E921DC40B1E0073058D /* metronomeTests.swift */; };
		4DA58E9E1DC40B1E0073058D /* metronomeUITests.swift in Sources */ = {isa = PBXBuildFile; fileRef = 4DA58E9D1DC40B1E0073058D /* metronomeUITests.swift */; };
		4DA58EAE1DC414140073058D /* Metronome.wav in Resources */ = {isa = PBXBuildFile; fileRef = 4DA58EAC1DC414140073058D /* Metronome.wav */; };
		4DA58EAF1DC414140073058D /* MetronomeUp.wav in Resources */ = {isa = PBXBuildFile; fileRef = 4DA58EAD1DC414140073058D /* MetronomeUp.wav */; };
		4DA58EB31DCA8A120073058D /* ic_play_arrow_36pt.imageset in Resources */ = {isa = PBXBuildFile; fileRef = 4DA58EB21DCA8A120073058D /* ic_play_arrow_36pt.imageset */; };
		4DA58EB51DCA8A330073058D /* ic_stop_36pt.imageset in Resources */ = {isa = PBXBuildFile; fileRef = 4DA58EB41DCA8A330073058D /* ic_stop_36pt.imageset */; };
/* End PBXBuildFile section */

/* Begin PBXContainerItemProxy section */
		4DA58E8F1DC40B1E0073058D /* PBXContainerItemProxy */ = {
			isa = PBXContainerItemProxy;
			containerPortal = 4DA58E721DC40B1D0073058D /* Project object */;
			proxyType = 1;
			remoteGlobalIDString = 4DA58E791DC40B1D0073058D;
			remoteInfo = metronome;
		};
		4DA58E9A1DC40B1E0073058D /* PBXContainerItemProxy */ = {
			isa = PBXContainerItemProxy;
			containerPortal = 4DA58E721DC40B1D0073058D /* Project object */;
			proxyType = 1;
			remoteGlobalIDString = 4DA58E791DC40B1D0073058D;
			remoteInfo = metronome;
		};
/* End PBXContainerItemProxy section */

/* Begin PBXFileReference section */
		4DA58E7A1DC40B1E0073058D /* metronome.app */ = {isa = PBXFileReference; explicitFileType = wrapper.application; includeInIndex = 0; path = metronome.app; sourceTree = BUILT_PRODUCTS_DIR; };
		4DA58E7D1DC40B1E0073058D /* AppDelegate.swift */ = {isa = PBXFileReference; lastKnownFileType = sourcecode.swift; path = AppDelegate.swift; sourceTree = "<group>"; };
		4DA58E7F1DC40B1E0073058D /* MetronomeViewController.swift */ = {isa = PBXFileReference; lastKnownFileType = sourcecode.swift; path = MetronomeViewController.swift; sourceTree = "<group>"; };
		4DA58E821DC40B1E0073058D /* Base */ = {isa = PBXFileReference; lastKnownFileType = file.storyboard; name = Base; path = Base.lproj/Main.storyboard; sourceTree = "<group>"; };
		4DA58E841DC40B1E0073058D /* Assets.xcassets */ = {isa = PBXFileReference; lastKnownFileType = folder.assetcatalog; path = Assets.xcassets; sourceTree = "<group>"; };
		4DA58E871DC40B1E0073058D /* Base */ = {isa = PBXFileReference; lastKnownFileType = file.storyboard; name = Base; path = Base.lproj/LaunchScreen.storyboard; sourceTree = "<group>"; };
		4DA58E891DC40B1E0073058D /* Info.plist */ = {isa = PBXFileReference; lastKnownFileType = text.plist.xml; path = Info.plist; sourceTree = "<group>"; };
		4DA58E8E1DC40B1E0073058D /* metronomeTests.xctest */ = {isa = PBXFileReference; explicitFileType = wrapper.cfbundle; includeInIndex = 0; path = metronomeTests.xctest; sourceTree = BUILT_PRODUCTS_DIR; };
		4DA58E921DC40B1E0073058D /* metronomeTests.swift */ = {isa = PBXFileReference; lastKnownFileType = sourcecode.swift; path = metronomeTests.swift; sourceTree = "<group>"; };
		4DA58E941DC40B1E0073058D /* Info.plist */ = {isa = PBXFileReference; lastKnownFileType = text.plist.xml; path = Info.plist; sourceTree = "<group>"; };
		4DA58E991DC40B1E0073058D /* metronomeUITests.xctest */ = {isa = PBXFileReference; explicitFileType = wrapper.cfbundle; includeInIndex = 0; path = metronomeUITests.xctest; sourceTree = BUILT_PRODUCTS_DIR; };
		4DA58E9D1DC40B1E0073058D /* metronomeUITests.swift */ = {isa = PBXFileReference; lastKnownFileType = sourcecode.swift; path = metronomeUITests.swift; sourceTree = "<group>"; };
		4DA58E9F1DC40B1E0073058D /* Info.plist */ = {isa = PBXFileReference; lastKnownFileType = text.plist.xml; path = Info.plist; sourceTree = "<group>"; };
		4DA58EAC1DC414140073058D /* Metronome.wav */ = {isa = PBXFileReference; lastKnownFileType = audio.wav; name = Metronome.wav; path = "../../../../../Downloads/Metronome Sounds Collection for Ableton Live/Ableton (DEFAULT)/Metronome.wav"; sourceTree = "<group>"; };
		4DA58EAD1DC414140073058D /* MetronomeUp.wav */ = {isa = PBXFileReference; lastKnownFileType = audio.wav; name = MetronomeUp.wav; path = "../../../../../Downloads/Metronome Sounds Collection for Ableton Live/Ableton (DEFAULT)/MetronomeUp.wav"; sourceTree = "<group>"; };
		4DA58EB21DCA8A120073058D /* ic_play_arrow_36pt.imageset */ = {isa = PBXFileReference; lastKnownFileType = folder; name = ic_play_arrow_36pt.imageset; path = ../../../../../Downloads/ic_play_arrow_black_36dp/ios/ic_play_arrow_36pt.imageset; sourceTree = "<group>"; };
		4DA58EB41DCA8A330073058D /* ic_stop_36pt.imageset */ = {isa = PBXFileReference; lastKnownFileType = folder; name = ic_stop_36pt.imageset; path = ../../../../../Downloads/ic_stop_black_36dp/ios/ic_stop_36pt.imageset; sourceTree = "<group>"; };
/* End PBXFileReference section */

/* Begin PBXFrameworksBuildPhase section */
		4DA58E771DC40B1D0073058D /* Frameworks */ = {
			isa = PBXFrameworksBuildPhase;
			buildActionMask = 2147483647;
			files = (
			);
			runOnlyForDeploymentPostprocessing = 0;
		};
		4DA58E8B1DC40B1E0073058D /* Frameworks */ = {
			isa = PBXFrameworksBuildPhase;
			buildActionMask = 2147483647;
			files = (
			);
			runOnlyForDeploymentPostprocessing = 0;
		};
		4DA58E961DC40B1E0073058D /* Frameworks */ = {
			isa = PBXFrameworksBuildPhase;
			buildActionMask = 2147483647;
			files = (
			);
			runOnlyForDeploymentPostprocessing = 0;
		};
/* End PBXFrameworksBuildPhase section */

/* Begin PBXGroup section */
		4DA58E711DC40B1D0073058D = {
			isa = PBXGroup;
			children = (
				4DA58E7C1DC40B1E0073058D /* metronome */,
				4DA58E911DC40B1E0073058D /* metronomeTests */,
				4DA58E9C1DC40B1E0073058D /* metronomeUITests */,
				4DA58E7B1DC40B1E0073058D /* Products */,
			);
			sourceTree = "<group>";
		};
		4DA58E7B1DC40B1E0073058D /* Products */ = {
			isa = PBXGroup;
			children = (
				4DA58E7A1DC40B1E0073058D /* metronome.app */,
				4DA58E8E1DC40B1E0073058D /* metronomeTests.xctest */,
				4DA58E991DC40B1E0073058D /* metronomeUITests.xctest */,
			);
			name = Products;
			sourceTree = "<group>";
		};
		4DA58E7C1DC40B1E0073058D /* metronome */ = {
			isa = PBXGroup;
			children = (
				4DA58EAB1DC413B20073058D /* Resources */,
				4DA58E7D1DC40B1E0073058D /* AppDelegate.swift */,
				4DA58E7F1DC40B1E0073058D /* MetronomeViewController.swift */,
				4DA58E811DC40B1E0073058D /* Main.storyboard */,
				4DA58E841DC40B1E0073058D /* Assets.xcassets */,
				4DA58E861DC40B1E0073058D /* LaunchScreen.storyboard */,
				4DA58E891DC40B1E0073058D /* Info.plist */,
			);
			path = metronome;
			sourceTree = "<group>";
		};
		4DA58E911DC40B1E0073058D /* metronomeTests */ = {
			isa = PBXGroup;
			children = (
				4DA58E921DC40B1E0073058D /* metronomeTests.swift */,
				4DA58E941DC40B1E0073058D /* Info.plist */,
			);
			path = metronomeTests;
			sourceTree = "<group>";
		};
		4DA58E9C1DC40B1E0073058D /* metronomeUITests */ = {
			isa = PBXGroup;
			children = (
				4DA58E9D1DC40B1E0073058D /* metronomeUITests.swift */,
				4DA58E9F1DC40B1E0073058D /* Info.plist */,
			);
			path = metronomeUITests;
			sourceTree = "<group>";
		};
		4DA58EAB1DC413B20073058D /* Resources */ = {
			isa = PBXGroup;
			children = (
				4DA58EB41DCA8A330073058D /* ic_stop_36pt.imageset */,
				4DA58EB21DCA8A120073058D /* ic_play_arrow_36pt.imageset */,
				4DA58EAC1DC414140073058D /* Metronome.wav */,
				4DA58EAD1DC414140073058D /* MetronomeUp.wav */,
			);
			name = Resources;
			sourceTree = "<group>";
		};
/* End PBXGroup section */

/* Begin PBXNativeTarget section */
		4DA58E791DC40B1D0073058D /* metronome */ = {
			isa = PBXNativeTarget;
			buildConfigurationList = 4DA58EA21DC40B1E0073058D /* Build configuration list for PBXNativeTarget "metronome" */;
			buildPhases = (
				4DA58E761DC40B1D0073058D /* Sources */,
				4DA58E771DC40B1D0073058D /* Frameworks */,
				4DA58E781DC40B1D0073058D /* Resources */,
			);
			buildRules = (
			);
			dependencies = (
			);
			name = metronome;
			productName = metronome;
			productReference = 4DA58E7A1DC40B1E0073058D /* metronome.app */;
			productType = "com.apple.product-type.application";
		};
		4DA58E8D1DC40B1E0073058D /* metronomeTests */ = {
			isa = PBXNativeTarget;
			buildConfigurationList = 4DA58EA51DC40B1E0073058D /* Build configuration list for PBXNativeTarget "metronomeTests" */;
			buildPhases = (
				4DA58E8A1DC40B1E0073058D /* Sources */,
				4DA58E8B1DC40B1E0073058D /* Frameworks */,
				4DA58E8C1DC40B1E0073058D /* Resources */,
			);
			buildRules = (
			);
			dependencies = (
				4DA58E901DC40B1E0073058D /* PBXTargetDependency */,
			);
			name = metronomeTests;
			productName = metronomeTests;
			productReference = 4DA58E8E1DC40B1E0073058D /* metronomeTests.xctest */;
			productType = "com.apple.product-type.bundle.unit-test";
		};
		4DA58E981DC40B1E0073058D /* metronomeUITests */ = {
			isa = PBXNativeTarget;
			buildConfigurationList = 4DA58EA81DC40B1E0073058D /* Build configuration list for PBXNativeTarget "metronomeUITests" */;
			buildPhases = (
				4DA58E951DC40B1E0073058D /* Sources */,
				4DA58E961DC40B1E0073058D /* Frameworks */,
				4DA58E971DC40B1E0073058D /* Resources */,
			);
			buildRules = (
			);
			dependencies = (
				4DA58E9B1DC40B1E0073058D /* PBXTargetDependency */,
			);
			name = metronomeUITests;
			productName = metronomeUITests;
			productReference = 4DA58E991DC40B1E0073058D /* metronomeUITests.xctest */;
			productType = "com.apple.product-type.bundle.ui-testing";
		};
/* End PBXNativeTarget section */

/* Begin PBXProject section */
		4DA58E721DC40B1D0073058D /* Project object */ = {
			isa = PBXProject;
			attributes = {
				LastSwiftUpdateCheck = 0800;
				LastUpgradeCheck = 0800;
				ORGANIZATIONNAME = "Kyle Borodkin";
				TargetAttributes = {
					4DA58E791DC40B1D0073058D = {
						CreatedOnToolsVersion = 8.0;
						ProvisioningStyle = Automatic;
					};
					4DA58E8D1DC40B1E0073058D = {
						CreatedOnToolsVersion = 8.0;
						ProvisioningStyle = Automatic;
						TestTargetID = 4DA58E791DC40B1D0073058D;
					};
					4DA58E981DC40B1E0073058D = {
						CreatedOnToolsVersion = 8.0;
						ProvisioningStyle = Automatic;
						TestTargetID = 4DA58E791DC40B1D0073058D;
					};
				};
			};
			buildConfigurationList = 4DA58E751DC40B1D0073058D /* Build configuration list for PBXProject "metronome" */;
			compatibilityVersion = "Xcode 3.2";
			developmentRegion = English;
			hasScannedForEncodings = 0;
			knownRegions = (
				en,
				Base,
			);
			mainGroup = 4DA58E711DC40B1D0073058D;
			productRefGroup = 4DA58E7B1DC40B1E0073058D /* Products */;
			projectDirPath = "";
			projectRoot = "";
			targets = (
				4DA58E791DC40B1D0073058D /* metronome */,
				4DA58E8D1DC40B1E0073058D /* metronomeTests */,
				4DA58E981DC40B1E0073058D /* metronomeUITests */,
			);
		};
/* End PBXProject section */

/* Begin PBXResourcesBuildPhase section */
		4DA58E781DC40B1D0073058D /* Resources */ = {
			isa = PBXResourcesBuildPhase;
			buildActionMask = 2147483647;
			files = (
				4DA58E881DC40B1E0073058D /* LaunchScreen.storyboard in Resources */,
				4DA58EAF1DC414140073058D /* MetronomeUp.wav in Resources */,
				4DA58E851DC40B1E0073058D /* Assets.xcassets in Resources */,
				4DA58E831DC40B1E0073058D /* Main.storyboard in Resources */,
				4DA58EAE1DC414140073058D /* Metronome.wav in Resources */,
				4DA58EB31DCA8A120073058D /* ic_play_arrow_36pt.imageset in Resources */,
				4DA58EB51DCA8A330073058D /* ic_stop_36pt.imageset in Resources */,
			);
			runOnlyForDeploymentPostprocessing = 0;
		};
		4DA58E8C1DC40B1E0073058D /* Resources */ = {
			isa = PBXResourcesBuildPhase;
			buildActionMask = 2147483647;
			files = (
			);
			runOnlyForDeploymentPostprocessing = 0;
		};
		4DA58E971DC40B1E0073058D /* Resources */ = {
			isa = PBXResourcesBuildPhase;
			buildActionMask = 2147483647;
			files = (
			);
			runOnlyForDeploymentPostprocessing = 0;
		};
/* End PBXResourcesBuildPhase section */

/* Begin PBXSourcesBuildPhase section */
		4DA58E761DC40B1D0073058D /* Sources */ = {
			isa = PBXSourcesBuildPhase;
			buildActionMask = 2147483647;
			files = (
				4DA58E801DC40B1E0073058D /* MetronomeViewController.swift in Sources */,
				4DA58E7E1DC40B1E0073058D /* AppDelegate.swift in Sources */,
			);
			runOnlyForDeploymentPostprocessing = 0;
		};
		4DA58E8A1DC40B1E0073058D /* Sources */ = {
			isa = PBXSourcesBuildPhase;
			buildActionMask = 2147483647;
			files = (
				4DA58E931DC40B1E0073058D /* metronomeTests.swift in Sources */,
			);
			runOnlyForDeploymentPostprocessing = 0;
		};
		4DA58E951DC40B1E0073058D /* Sources */ = {
			isa = PBXSourcesBuildPhase;
			buildActionMask = 2147483647;
			files = (
				4DA58E9E1DC40B1E0073058D /* metronomeUITests.swift in Sources */,
			);
			runOnlyForDeploymentPostprocessing = 0;
		};
/* End PBXSourcesBuildPhase section */

/* Begin PBXTargetDependency section */
		4DA58E901DC40B1E0073058D /* PBXTargetDependency */ = {
			isa = PBXTargetDependency;
			target = 4DA58E791DC40B1D0073058D /* metronome */;
			targetProxy = 4DA58E8F1DC40B1E0073058D /* PBXContainerItemProxy */;
		};
		4DA58E9B1DC40B1E0073058D /* PBXTargetDependency */ = {
			isa = PBXTargetDependency;
			target = 4DA58E791DC40B1D0073058D /* metronome */;
			targetProxy = 4DA58E9A1DC40B1E0073058D /* PBXContainerItemProxy */;
		};
/* End PBXTargetDependency section */

/* Begin PBXVariantGroup section */
		4DA58E811DC40B1E0073058D /* Main.storyboard */ = {
			isa = PBXVariantGroup;
			children = (
				4DA58E821DC40B1E0073058D /* Base */,
			);
			name = Main.storyboard;
			sourceTree = "<group>";
		};
		4DA58E861DC40B1E0073058D /* LaunchScreen.storyboard */ = {
			isa = PBXVariantGroup;
			children = (
				4DA58E871DC40B1E0073058D /* Base */,
			);
			name = LaunchScreen.storyboard;
			sourceTree = "<group>";
		};
/* End PBXVariantGroup section */

/* Begin XCBuildConfiguration section */
		4DA58EA01DC40B1E0073058D /* Debug */ = {
			isa = XCBuildConfiguration;
			buildSettings = {
				ALWAYS_SEARCH_USER_PATHS = NO;
				CLANG_ANALYZER_NONNULL = YES;
				CLANG_CXX_LANGUAGE_STANDARD = "gnu++0x";
				CLANG_CXX_LIBRARY = "libc++";
				CLANG_ENABLE_MODULES = YES;
				CLANG_ENABLE_OBJC_ARC = YES;
				CLANG_WARN_BOOL_CONVERSION = YES;
				CLANG_WARN_CONSTANT_CONVERSION = YES;
				CLANG_WARN_DIRECT_OBJC_ISA_USAGE = YES_ERROR;
				CLANG_WARN_DOCUMENTATION_COMMENTS = YES;
				CLANG_WARN_EMPTY_BODY = YES;
				CLANG_WARN_ENUM_CONVERSION = YES;
				CLANG_WARN_INFINITE_RECURSION = YES;
				CLANG_WARN_INT_CONVERSION = YES;
				CLANG_WARN_OBJC_ROOT_CLASS = YES_ERROR;
				CLANG_WARN_SUSPICIOUS_MOVES = YES;
				CLANG_WARN_UNREACHABLE_CODE = YES;
				CLANG_WARN__DUPLICATE_METHOD_MATCH = YES;
				"CODE_SIGN_IDENTITY[sdk=iphoneos*]" = "iPhone Developer";
				COPY_PHASE_STRIP = NO;
				DEBUG_INFORMATION_FORMAT = dwarf;
				ENABLE_STRICT_OBJC_MSGSEND = YES;
				ENABLE_TESTABILITY = YES;
				GCC_C_LANGUAGE_STANDARD = gnu99;
				GCC_DYNAMIC_NO_PIC = NO;
				GCC_NO_COMMON_BLOCKS = YES;
				GCC_OPTIMIZATION_LEVEL = 0;
				GCC_PREPROCESSOR_DEFINITIONS = (
					"DEBUG=1",
					"$(inherited)",
				);
				GCC_WARN_64_TO_32_BIT_CONVERSION = YES;
				GCC_WARN_ABOUT_RETURN_TYPE = YES_ERROR;
				GCC_WARN_UNDECLARED_SELECTOR = YES;
				GCC_WARN_UNINITIALIZED_AUTOS = YES_AGGRESSIVE;
				GCC_WARN_UNUSED_FUNCTION = YES;
				GCC_WARN_UNUSED_VARIABLE = YES;
				IPHONEOS_DEPLOYMENT_TARGET = 10.0;
				MTL_ENABLE_DEBUG_INFO = YES;
				ONLY_ACTIVE_ARCH = YES;
				SDKROOT = iphoneos;
				SWIFT_ACTIVE_COMPILATION_CONDITIONS = DEBUG;
				SWIFT_OPTIMIZATION_LEVEL = "-Onone";
				TARGETED_DEVICE_FAMILY = "1,2";
			};
			name = Debug;
		};
		4DA58EA11DC40B1E0073058D /* Release */ = {
			isa = XCBuildConfiguration;
			buildSettings = {
				ALWAYS_SEARCH_USER_PATHS = NO;
				CLANG_ANALYZER_NONNULL = YES;
				CLANG_CXX_LANGUAGE_STANDARD = "gnu++0x";
				CLANG_CXX_LIBRARY = "libc++";
				CLANG_ENABLE_MODULES = YES;
				CLANG_ENABLE_OBJC_ARC = YES;
				CLANG_WARN_BOOL_CONVERSION = YES;
				CLANG_WARN_CONSTANT_CONVERSION = YES;
				CLANG_WARN_DIRECT_OBJC_ISA_USAGE = YES_ERROR;
				CLANG_WARN_DOCUMENTATION_COMMENTS = YES;
				CLANG_WARN_EMPTY_BODY = YES;
				CLANG_WARN_ENUM_CONVERSION = YES;
				CLANG_WARN_INFINITE_RECURSION = YES;
				CLANG_WARN_INT_CONVERSION = YES;
				CLANG_WARN_OBJC_ROOT_CLASS = YES_ERROR;
				CLANG_WARN_SUSPICIOUS_MOVES = YES;
				CLANG_WARN_UNREACHABLE_CODE = YES;
				CLANG_WARN__DUPLICATE_METHOD_MATCH = YES;
				"CODE_SIGN_IDENTITY[sdk=iphoneos*]" = "iPhone Developer";
				COPY_PHASE_STRIP = NO;
				DEBUG_INFORMATION_FORMAT = "dwarf-with-dsym";
				ENABLE_NS_ASSERTIONS = NO;
				ENABLE_STRICT_OBJC_MSGSEND = YES;
				GCC_C_LANGUAGE_STANDARD = gnu99;
				GCC_NO_COMMON_BLOCKS = YES;
				GCC_WARN_64_TO_32_BIT_CONVERSION = YES;
				GCC_WARN_ABOUT_RETURN_TYPE = YES_ERROR;
				GCC_WARN_UNDECLARED_SELECTOR = YES;
				GCC_WARN_UNINITIALIZED_AUTOS = YES_AGGRESSIVE;
				GCC_WARN_UNUSED_FUNCTION = YES;
				GCC_WARN_UNUSED_VARIABLE = YES;
				IPHONEOS_DEPLOYMENT_TARGET = 10.0;
				MTL_ENABLE_DEBUG_INFO = NO;
				SDKROOT = iphoneos;
				SWIFT_OPTIMIZATION_LEVEL = "-Owholemodule";
				TARGETED_DEVICE_FAMILY = "1,2";
				VALIDATE_PRODUCT = YES;
			};
			name = Release;
		};
		4DA58EA31DC40B1E0073058D /* Debug */ = {
			isa = XCBuildConfiguration;
			buildSettings = {
				ASSETCATALOG_COMPILER_APPICON_NAME = AppIcon;
				INFOPLIST_FILE = metronome/Info.plist;
				LD_RUNPATH_SEARCH_PATHS = "$(inherited) @executable_path/Frameworks";
				PRODUCT_BUNDLE_IDENTIFIER = borodk.metronome;
				PRODUCT_NAME = "$(TARGET_NAME)";
				SWIFT_VERSION = 3.0;
			};
			name = Debug;
		};
		4DA58EA41DC40B1E0073058D /* Release */ = {
			isa = XCBuildConfiguration;
			buildSettings = {
				ASSETCATALOG_COMPILER_APPICON_NAME = AppIcon;
				INFOPLIST_FILE = metronome/Info.plist;
				LD_RUNPATH_SEARCH_PATHS = "$(inherited) @executable_path/Frameworks";
				PRODUCT_BUNDLE_IDENTIFIER = borodk.metronome;
				PRODUCT_NAME = "$(TARGET_NAME)";
				SWIFT_VERSION = 3.0;
			};
			name = Release;
		};
		4DA58EA61DC40B1E0073058D /* Debug */ = {
			isa = XCBuildConfiguration;
			buildSettings = {
				ALWAYS_EMBED_SWIFT_STANDARD_LIBRARIES = YES;
				BUNDLE_LOADER = "$(TEST_HOST)";
				INFOPLIST_FILE = metronomeTests/Info.plist;
				LD_RUNPATH_SEARCH_PATHS = "$(inherited) @executable_path/Frameworks @loader_path/Frameworks";
				PRODUCT_BUNDLE_IDENTIFIER = borodk.metronomeTests;
				PRODUCT_NAME = "$(TARGET_NAME)";
				SWIFT_VERSION = 3.0;
				TEST_HOST = "$(BUILT_PRODUCTS_DIR)/metronome.app/metronome";
			};
			name = Debug;
		};
		4DA58EA71DC40B1E0073058D /* Release */ = {
			isa = XCBuildConfiguration;
			buildSettings = {
				ALWAYS_EMBED_SWIFT_STANDARD_LIBRARIES = YES;
				BUNDLE_LOADER = "$(TEST_HOST)";
				INFOPLIST_FILE = metronomeTests/Info.plist;
				LD_RUNPATH_SEARCH_PATHS = "$(inherited) @executable_path/Frameworks @loader_path/Frameworks";
				PRODUCT_BUNDLE_IDENTIFIER = borodk.metronomeTests;
				PRODUCT_NAME = "$(TARGET_NAME)";
				SWIFT_VERSION = 3.0;
				TEST_HOST = "$(BUILT_PRODUCTS_DIR)/metronome.app/metronome";
			};
			name = Release;
		};
		4DA58EA91DC40B1E0073058D /* Debug */ = {
			isa = XCBuildConfiguration;
			buildSettings = {
				ALWAYS_EMBED_SWIFT_STANDARD_LIBRARIES = YES;
				INFOPLIST_FILE = metronomeUITests/Info.plist;
				LD_RUNPATH_SEARCH_PATHS = "$(inherited) @executable_path/Frameworks @loader_path/Frameworks";
				PRODUCT_BUNDLE_IDENTIFIER = borodk.metronomeUITests;
				PRODUCT_NAME = "$(TARGET_NAME)";
				SWIFT_VERSION = 3.0;
				TEST_TARGET_NAME = metronome;
			};
			name = Debug;
		};
		4DA58EAA1DC40B1E0073058D /* Release */ = {
			isa = XCBuildConfiguration;
			buildSettings = {
				ALWAYS_EMBED_SWIFT_STANDARD_LIBRARIES = YES;
				INFOPLIST_FILE = metronomeUITests/Info.plist;
				LD_RUNPATH_SEARCH_PATHS = "$(inherited) @executable_path/Frameworks @loader_path/Frameworks";
				PRODUCT_BUNDLE_IDENTIFIER = borodk.metronomeUITests;
				PRODUCT_NAME = "$(TARGET_NAME)";
				SWIFT_VERSION = 3.0;
				TEST_TARGET_NAME = metronome;
			};
			name = Release;
		};
/* End XCBuildConfiguration section */

/* Begin XCConfigurationList section */
		4DA58E751DC40B1D0073058D /* Build configuration list for PBXProject "metronome" */ = {
			isa = XCConfigurationList;
			buildConfigurations = (
				4DA58EA01DC40B1E0073058D /* Debug */,
				4DA58EA11DC40B1E0073058D /* Release */,
			);
			defaultConfigurationIsVisible = 0;
			defaultConfigurationName = Release;
		};
		4DA58EA21DC40B1E0073058D /* Build configuration list for PBXNativeTarget "metronome" */ = {
			isa = XCConfigurationList;
			buildConfigurations = (
				4DA58EA31DC40B1E0073058D /* Debug */,
				4DA58EA41DC40B1E0073058D /* Release */,
			);
			defaultConfigurationIsVisible = 0;
		};
		4DA58EA51DC40B1E0073058D /* Build configuration list for PBXNativeTarget "metronomeTests" */ = {
			isa = XCConfigurationList;
			buildConfigurations = (
				4DA58EA61DC40B1E0073058D /* Debug */,
				4DA58EA71DC40B1E0073058D /* Release */,
			);
			defaultConfigurationIsVisible = 0;
		};
		4DA58EA81DC40B1E0073058D /* Build configuration list for PBXNativeTarget "metronomeUITests" */ = {
			isa = XCConfigurationList;
			buildConfigurations = (
				4DA58EA91DC40B1E0073058D /* Debug */,
				4DA58EAA1DC40B1E0073058D /* Release */,
			);
			defaultConfigurationIsVisible = 0;
		};
/* End XCConfigurationList section */
	};
	rootObject = 4DA58E721DC40B1D0073058D /* Project object */;
}
